PODS:
  - Charts (3.6.0):
    - Charts/Core (= 3.6.0)
  - Charts/Core (3.6.0)
  - Colours (5.13.0):
    - Colours/ObjC (= 5.13.0)
  - Colours/ObjC (5.13.0)
  - MobileWorkflow (2.0.1):
    - MobileWorkflow/Core (= 2.0.1)
  - MobileWorkflow/Core (2.0.1)

DEPENDENCIES:
  - Charts
  - Colours
  - MobileWorkflow

SPEC REPOS:
  https://github.com/FutureWorkshops/MWPodspecs.git:
    - MobileWorkflow
  trunk:
    - Charts
    - Colours

SPEC CHECKSUMS:
  Charts: b1e3a1f5a1c9ba5394438ca3b91bd8c9076310af
  Colours: f24220c38f13deac88612667e9b4a7fb96b871d4
  MobileWorkflow: a58d46cb9d98ab5486fa363aa33f2424a99dbb1d

PODFILE CHECKSUM: 17ff9b6fdafd8eadb4a6176d58f7ab80bfda28fe

COCOAPODS: 1.11.2
