// !$*UTF8*$!
{
	archiveVersion = 1;
	classes = {
	};
	objectVersion = 50;
	objects = {

/* Begin PBXBuildFile section */
		217594364D16897CCA75CE0D /* MWPieChartStepViewController.swift in Sources */ = {isa = PBXBuildFile; fileRef = F87005925C18F67514C28830 /* MWPieChartStepViewController.swift */; };
		364C74D6252DEE54002BBE8B /* MWChartsPlugin.framework in Frameworks */ = {isa = PBXBuildFile; fileRef = 364C74CC252DEE54002BBE8B /* MWChartsPlugin.framework */; };
		364C74DB252DEE54002BBE8B /* MWChartsPluginTests.swift in Sources */ = {isa = PBXBuildFile; fileRef = 364C74DA252DEE54002BBE8B /* MWChartsPluginTests.swift */; };
		364C74DD252DEE54002BBE8B /* (null) in Headers */ = {isa = PBXBuildFile; settings = {ATTRIBUTES = (Public, ); }; };
		36C873FB27C8F06500316CBB /* MWDashboardStepViewController.swift in Sources */ = {isa = PBXBuildFile; fileRef = 36C873F827C8F06500316CBB /* MWDashboardStepViewController.swift */; };
		36C873FC27C8F06500316CBB /* MWDashboardStep.swift in Sources */ = {isa = PBXBuildFile; fileRef = 36C873F927C8F06500316CBB /* MWDashboardStep.swift */; };
		36C873FD27C8F06500316CBB /* MWDashboardStepViewControllerCell.swift in Sources */ = {isa = PBXBuildFile; fileRef = 36C873FA27C8F06500316CBB /* MWDashboardStepViewControllerCell.swift */; };
		41AAAC93F2EEFFBA45293512 /* MWPieChartStep.swift in Sources */ = {isa = PBXBuildFile; fileRef = 661204718A57FBE58070684C /* MWPieChartStep.swift */; };
		54F225C4C4BDD5066C626622 /* Pods_MWChartsPluginTests.framework in Frameworks */ = {isa = PBXBuildFile; fileRef = E108F13F439EDCB3A8F65661 /* Pods_MWChartsPluginTests.framework */; };
		6CAB3124727100B1D7DE8838 /* MWNetworkPieChartStep.swift in Sources */ = {isa = PBXBuildFile; fileRef = E164A36CBF259F5061203BA1 /* MWNetworkPieChartStep.swift */; };
		9FAC344444B71A2456DF3B15 /* MWChartsPluginStruct.swift in Sources */ = {isa = PBXBuildFile; fileRef = 961F6466D1C885C568050785 /* MWChartsPluginStruct.swift */; };
		E6C5DAE667CD0BA082E52FC7 /* Pods_MWCharts_MWChartsPlugin.framework in Frameworks */ = {isa = PBXBuildFile; fileRef = DA93B35BD571FB2FA67ED33E /* Pods_MWCharts_MWChartsPlugin.framework */; };
		FB6612F40F54A9AEF6814344 /* MWNetworkPieChartStepViewController.swift in Sources */ = {isa = PBXBuildFile; fileRef = BD96B39629496840D926EF49 /* MWNetworkPieChartStepViewController.swift */; };
/* End PBXBuildFile section */

/* Begin PBXContainerItemProxy section */
		364C74D7252DEE54002BBE8B /* PBXContainerItemProxy */ = {
			isa = PBXContainerItemProxy;
			containerPortal = 364C74C3252DEE54002BBE8B /* Project object */;
			proxyType = 1;
			remoteGlobalIDString = 364C74CB252DEE54002BBE8B;
			remoteInfo = MobileWorkflowChartsPlugin;
		};
/* End PBXContainerItemProxy section */

/* Begin PBXFileReference section */
		186B0766CFC4F7EEB0D4DFE2 /* Pods-MWCharts-MWChartsPlugin.release.xcconfig */ = {isa = PBXFileReference; includeInIndex = 1; lastKnownFileType = text.xcconfig; name = "Pods-MWCharts-MWChartsPlugin.release.xcconfig"; path = "Target Support Files/Pods-MWCharts-MWChartsPlugin/Pods-MWCharts-MWChartsPlugin.release.xcconfig"; sourceTree = "<group>"; };
		364C74CC252DEE54002BBE8B /* MWChartsPlugin.framework */ = {isa = PBXFileReference; explicitFileType = wrapper.framework; includeInIndex = 0; path = MWChartsPlugin.framework; sourceTree = BUILT_PRODUCTS_DIR; };
		364C74D5252DEE54002BBE8B /* MWChartsPluginTests.xctest */ = {isa = PBXFileReference; explicitFileType = wrapper.cfbundle; includeInIndex = 0; path = MWChartsPluginTests.xctest; sourceTree = BUILT_PRODUCTS_DIR; };
		364C74DA252DEE54002BBE8B /* MWChartsPluginTests.swift */ = {isa = PBXFileReference; lastKnownFileType = sourcecode.swift; path = MWChartsPluginTests.swift; sourceTree = "<group>"; };
		364C74DC252DEE54002BBE8B /* Info.plist */ = {isa = PBXFileReference; lastKnownFileType = text.plist.xml; path = Info.plist; sourceTree = "<group>"; };
		36C873F827C8F06500316CBB /* MWDashboardStepViewController.swift */ = {isa = PBXFileReference; fileEncoding = 4; lastKnownFileType = sourcecode.swift; path = MWDashboardStepViewController.swift; sourceTree = "<group>"; };
		36C873F927C8F06500316CBB /* MWDashboardStep.swift */ = {isa = PBXFileReference; fileEncoding = 4; lastKnownFileType = sourcecode.swift; path = MWDashboardStep.swift; sourceTree = "<group>"; };
		36C873FA27C8F06500316CBB /* MWDashboardStepViewControllerCell.swift */ = {isa = PBXFileReference; fileEncoding = 4; lastKnownFileType = sourcecode.swift; path = MWDashboardStepViewControllerCell.swift; sourceTree = "<group>"; };
		53740D1E3BEF0BD153098D39 /* Info.plist */ = {isa = PBXFileReference; includeInIndex = 1; lastKnownFileType = text.plist.xml; path = Info.plist; sourceTree = "<group>"; };
		5A4ADE911E2BE650CC2AAB06 /* MWChartsPlugin.h */ = {isa = PBXFileReference; includeInIndex = 1; lastKnownFileType = sourcecode.c.h; path = MWChartsPlugin.h; sourceTree = "<group>"; };
		661204718A57FBE58070684C /* MWPieChartStep.swift */ = {isa = PBXFileReference; includeInIndex = 1; lastKnownFileType = sourcecode.swift; path = MWPieChartStep.swift; sourceTree = "<group>"; };
		66F677600C7014DAF00FFC84 /* Pods-MWChartsPluginTests.debug.xcconfig */ = {isa = PBXFileReference; includeInIndex = 1; lastKnownFileType = text.xcconfig; name = "Pods-MWChartsPluginTests.debug.xcconfig"; path = "Target Support Files/Pods-MWChartsPluginTests/Pods-MWChartsPluginTests.debug.xcconfig"; sourceTree = "<group>"; };
		7833FBE42530D0550060EBC7 /* ResearchKit.xcframework */ = {isa = PBXFileReference; lastKnownFileType = wrapper.xcframework; name = ResearchKit.xcframework; path = "../../../MobileWorkflow-iOS/Build/ResearchKit.xcframework"; sourceTree = "<group>"; };
		7833FBE52530D0550060EBC7 /* MobileWorkflowCore.xcframework */ = {isa = PBXFileReference; lastKnownFileType = wrapper.xcframework; name = MobileWorkflowCore.xcframework; path = "../../../MobileWorkflow-iOS/Build/MobileWorkflowCore.xcframework"; sourceTree = "<group>"; };
		961F6466D1C885C568050785 /* MWChartsPluginStruct.swift */ = {isa = PBXFileReference; includeInIndex = 1; lastKnownFileType = sourcecode.swift; path = MWChartsPluginStruct.swift; sourceTree = "<group>"; };
		A2571B0EA9DF016E1F450DE6 /* Pods-MWChartsPluginTests.release.xcconfig */ = {isa = PBXFileReference; includeInIndex = 1; lastKnownFileType = text.xcconfig; name = "Pods-MWChartsPluginTests.release.xcconfig"; path = "Target Support Files/Pods-MWChartsPluginTests/Pods-MWChartsPluginTests.release.xcconfig"; sourceTree = "<group>"; };
		BD96B39629496840D926EF49 /* MWNetworkPieChartStepViewController.swift */ = {isa = PBXFileReference; includeInIndex = 1; lastKnownFileType = sourcecode.swift; path = MWNetworkPieChartStepViewController.swift; sourceTree = "<group>"; };
		C9E6A6A38000FC0BA86E4D5B /* Pods-MWCharts-MWChartsPlugin.debug.xcconfig */ = {isa = PBXFileReference; includeInIndex = 1; lastKnownFileType = text.xcconfig; name = "Pods-MWCharts-MWChartsPlugin.debug.xcconfig"; path = "Target Support Files/Pods-MWCharts-MWChartsPlugin/Pods-MWCharts-MWChartsPlugin.debug.xcconfig"; sourceTree = "<group>"; };
		DA93B35BD571FB2FA67ED33E /* Pods_MWCharts_MWChartsPlugin.framework */ = {isa = PBXFileReference; explicitFileType = wrapper.framework; includeInIndex = 0; path = Pods_MWCharts_MWChartsPlugin.framework; sourceTree = BUILT_PRODUCTS_DIR; };
		E108F13F439EDCB3A8F65661 /* Pods_MWChartsPluginTests.framework */ = {isa = PBXFileReference; explicitFileType = wrapper.framework; includeInIndex = 0; path = Pods_MWChartsPluginTests.framework; sourceTree = BUILT_PRODUCTS_DIR; };
		E164A36CBF259F5061203BA1 /* MWNetworkPieChartStep.swift */ = {isa = PBXFileReference; includeInIndex = 1; lastKnownFileType = sourcecode.swift; path = MWNetworkPieChartStep.swift; sourceTree = "<group>"; };
		F87005925C18F67514C28830 /* MWPieChartStepViewController.swift */ = {isa = PBXFileReference; includeInIndex = 1; lastKnownFileType = sourcecode.swift; path = MWPieChartStepViewController.swift; sourceTree = "<group>"; };
/* End PBXFileReference section */

/* Begin PBXFrameworksBuildPhase section */
		364C74C9252DEE54002BBE8B /* Frameworks */ = {
			isa = PBXFrameworksBuildPhase;
			buildActionMask = 2147483647;
			files = (
				E6C5DAE667CD0BA082E52FC7 /* Pods_MWCharts_MWChartsPlugin.framework in Frameworks */,
			);
			runOnlyForDeploymentPostprocessing = 0;
		};
		364C74D2252DEE54002BBE8B /* Frameworks */ = {
			isa = PBXFrameworksBuildPhase;
			buildActionMask = 2147483647;
			files = (
				364C74D6252DEE54002BBE8B /* MWChartsPlugin.framework in Frameworks */,
				54F225C4C4BDD5066C626622 /* Pods_MWChartsPluginTests.framework in Frameworks */,
			);
			runOnlyForDeploymentPostprocessing = 0;
		};
/* End PBXFrameworksBuildPhase section */

/* Begin PBXGroup section */
		12E25461575527B1F9DECDF3 /* Frameworks */ = {
			isa = PBXGroup;
			children = (
				7833FBE52530D0550060EBC7 /* MobileWorkflowCore.xcframework */,
				7833FBE42530D0550060EBC7 /* ResearchKit.xcframework */,
				DA93B35BD571FB2FA67ED33E /* Pods_MWCharts_MWChartsPlugin.framework */,
				E108F13F439EDCB3A8F65661 /* Pods_MWChartsPluginTests.framework */,
			);
			name = Frameworks;
			sourceTree = "<group>";
		};
		29136E473DA6B9113385FF13 /* Pods */ = {
			isa = PBXGroup;
			children = (
				C9E6A6A38000FC0BA86E4D5B /* Pods-MWCharts-MWChartsPlugin.debug.xcconfig */,
				186B0766CFC4F7EEB0D4DFE2 /* Pods-MWCharts-MWChartsPlugin.release.xcconfig */,
				66F677600C7014DAF00FFC84 /* Pods-MWChartsPluginTests.debug.xcconfig */,
				A2571B0EA9DF016E1F450DE6 /* Pods-MWChartsPluginTests.release.xcconfig */,
			);
			name = Pods;
			path = ../Pods;
			sourceTree = "<group>";
		};
		364C74C2252DEE54002BBE8B = {
			isa = PBXGroup;
			children = (
				364C74CE252DEE54002BBE8B /* MWChartsPlugin */,
				364C74D9252DEE54002BBE8B /* MWChartsPluginTests */,
				364C74CD252DEE54002BBE8B /* Products */,
				12E25461575527B1F9DECDF3 /* Frameworks */,
				29136E473DA6B9113385FF13 /* Pods */,
			);
			sourceTree = "<group>";
		};
		364C74CD252DEE54002BBE8B /* Products */ = {
			isa = PBXGroup;
			children = (
				364C74CC252DEE54002BBE8B /* MWChartsPlugin.framework */,
				364C74D5252DEE54002BBE8B /* MWChartsPluginTests.xctest */,
			);
			name = Products;
			sourceTree = "<group>";
		};
		364C74CE252DEE54002BBE8B /* MWChartsPlugin */ = {
			isa = PBXGroup;
			children = (
				C25C8A8BE5734103A3DACB48 /* ChartStep */,
				647AF180F05B6862DDC67C04 /* NetworkChartStep */,
				36C873F727C8F06500316CBB /* DashboardStep */,
				5A4ADE911E2BE650CC2AAB06 /* MWChartsPlugin.h */,
				961F6466D1C885C568050785 /* MWChartsPluginStruct.swift */,
				53740D1E3BEF0BD153098D39 /* Info.plist */,
			);
			path = MWChartsPlugin;
			sourceTree = "<group>";
		};
		364C74D9252DEE54002BBE8B /* MWChartsPluginTests */ = {
			isa = PBXGroup;
			children = (
				364C74DA252DEE54002BBE8B /* MWChartsPluginTests.swift */,
				364C74DC252DEE54002BBE8B /* Info.plist */,
			);
			path = MWChartsPluginTests;
			sourceTree = "<group>";
		};
		36C873F727C8F06500316CBB /* DashboardStep */ = {
			isa = PBXGroup;
			children = (
				36C873F927C8F06500316CBB /* MWDashboardStep.swift */,
				36C873F827C8F06500316CBB /* MWDashboardStepViewController.swift */,
				36C873FA27C8F06500316CBB /* MWDashboardStepViewControllerCell.swift */,
			);
			path = DashboardStep;
			sourceTree = "<group>";
		};
		647AF180F05B6862DDC67C04 /* NetworkChartStep */ = {
			isa = PBXGroup;
			children = (
				E164A36CBF259F5061203BA1 /* MWNetworkPieChartStep.swift */,
				BD96B39629496840D926EF49 /* MWNetworkPieChartStepViewController.swift */,
			);
			path = NetworkChartStep;
			sourceTree = "<group>";
		};
		C25C8A8BE5734103A3DACB48 /* ChartStep */ = {
			isa = PBXGroup;
			children = (
				F87005925C18F67514C28830 /* MWPieChartStepViewController.swift */,
				661204718A57FBE58070684C /* MWPieChartStep.swift */,
			);
			path = ChartStep;
			sourceTree = "<group>";
		};
/* End PBXGroup section */

/* Begin PBXHeadersBuildPhase section */
		364C74C7252DEE54002BBE8B /* Headers */ = {
			isa = PBXHeadersBuildPhase;
			buildActionMask = 2147483647;
			files = (
				364C74DD252DEE54002BBE8B /* (null) in Headers */,
			);
			runOnlyForDeploymentPostprocessing = 0;
		};
/* End PBXHeadersBuildPhase section */

/* Begin PBXNativeTarget section */
		364C74CB252DEE54002BBE8B /* MWChartsPlugin */ = {
			isa = PBXNativeTarget;
			buildConfigurationList = 364C74E0252DEE54002BBE8B /* Build configuration list for PBXNativeTarget "MWChartsPlugin" */;
			buildPhases = (
				C35ACC458CDD67A4C00752EE /* [CP] Check Pods Manifest.lock */,
				364C74C7252DEE54002BBE8B /* Headers */,
				364C74C8252DEE54002BBE8B /* Sources */,
				364C74C9252DEE54002BBE8B /* Frameworks */,
				364C74CA252DEE54002BBE8B /* Resources */,
			);
			buildRules = (
			);
			dependencies = (
			);
			name = MWChartsPlugin;
			productName = MobileWorkflowChartsPlugin;
			productReference = 364C74CC252DEE54002BBE8B /* MWChartsPlugin.framework */;
			productType = "com.apple.product-type.framework";
		};
		364C74D4252DEE54002BBE8B /* MWChartsPluginTests */ = {
			isa = PBXNativeTarget;
			buildConfigurationList = 364C74E3252DEE54002BBE8B /* Build configuration list for PBXNativeTarget "MWChartsPluginTests" */;
			buildPhases = (
				08CCE49FBCC6D6D0AEDCD265 /* [CP] Check Pods Manifest.lock */,
				364C74D1252DEE54002BBE8B /* Sources */,
				364C74D2252DEE54002BBE8B /* Frameworks */,
				364C74D3252DEE54002BBE8B /* Resources */,
			);
			buildRules = (
			);
			dependencies = (
				364C74D8252DEE54002BBE8B /* PBXTargetDependency */,
			);
			name = MWChartsPluginTests;
			productName = MobileWorkflowChartsPluginTests;
			productReference = 364C74D5252DEE54002BBE8B /* MWChartsPluginTests.xctest */;
			productType = "com.apple.product-type.bundle.unit-test";
		};
/* End PBXNativeTarget section */

/* Begin PBXProject section */
		364C74C3252DEE54002BBE8B /* Project object */ = {
			isa = PBXProject;
			attributes = {
				LastSwiftUpdateCheck = 1200;
				LastUpgradeCheck = 1200;
				TargetAttributes = {
					364C74CB252DEE54002BBE8B = {
						CreatedOnToolsVersion = 12.0.1;
						LastSwiftMigration = 1200;
					};
					364C74D4252DEE54002BBE8B = {
						CreatedOnToolsVersion = 12.0.1;
					};
				};
			};
			buildConfigurationList = 364C74C6252DEE54002BBE8B /* Build configuration list for PBXProject "MWChartsPlugin" */;
			compatibilityVersion = "Xcode 9.3";
			developmentRegion = en;
			hasScannedForEncodings = 0;
			knownRegions = (
				en,
				Base,
			);
			mainGroup = 364C74C2252DEE54002BBE8B;
			productRefGroup = 364C74CD252DEE54002BBE8B /* Products */;
			projectDirPath = "";
			projectRoot = "";
			targets = (
				364C74CB252DEE54002BBE8B /* MWChartsPlugin */,
				364C74D4252DEE54002BBE8B /* MWChartsPluginTests */,
			);
		};
/* End PBXProject section */

/* Begin PBXResourcesBuildPhase section */
		364C74CA252DEE54002BBE8B /* Resources */ = {
			isa = PBXResourcesBuildPhase;
			buildActionMask = 2147483647;
			files = (
			);
			runOnlyForDeploymentPostprocessing = 0;
		};
		364C74D3252DEE54002BBE8B /* Resources */ = {
			isa = PBXResourcesBuildPhase;
			buildActionMask = 2147483647;
			files = (
			);
			runOnlyForDeploymentPostprocessing = 0;
		};
/* End PBXResourcesBuildPhase section */

/* Begin PBXShellScriptBuildPhase section */
		08CCE49FBCC6D6D0AEDCD265 /* [CP] Check Pods Manifest.lock */ = {
			isa = PBXShellScriptBuildPhase;
			buildActionMask = 2147483647;
			files = (
			);
			inputFileListPaths = (
			);
			inputPaths = (
				"${PODS_PODFILE_DIR_PATH}/Podfile.lock",
				"${PODS_ROOT}/Manifest.lock",
			);
			name = "[CP] Check Pods Manifest.lock";
			outputFileListPaths = (
			);
			outputPaths = (
				"$(DERIVED_FILE_DIR)/Pods-MWChartsPluginTests-checkManifestLockResult.txt",
			);
			runOnlyForDeploymentPostprocessing = 0;
			shellPath = /bin/sh;
			shellScript = "diff \"${PODS_PODFILE_DIR_PATH}/Podfile.lock\" \"${PODS_ROOT}/Manifest.lock\" > /dev/null\nif [ $? != 0 ] ; then\n    # print error to STDERR\n    echo \"error: The sandbox is not in sync with the Podfile.lock. Run 'pod install' or update your CocoaPods installation.\" >&2\n    exit 1\nfi\n# This output is used by Xcode 'outputs' to avoid re-running this script phase.\necho \"SUCCESS\" > \"${SCRIPT_OUTPUT_FILE_0}\"\n";
			showEnvVarsInLog = 0;
		};
		C35ACC458CDD67A4C00752EE /* [CP] Check Pods Manifest.lock */ = {
			isa = PBXShellScriptBuildPhase;
			buildActionMask = 2147483647;
			files = (
			);
			inputFileListPaths = (
			);
			inputPaths = (
				"${PODS_PODFILE_DIR_PATH}/Podfile.lock",
				"${PODS_ROOT}/Manifest.lock",
			);
			name = "[CP] Check Pods Manifest.lock";
			outputFileListPaths = (
			);
			outputPaths = (
				"$(DERIVED_FILE_DIR)/Pods-MWCharts-MWChartsPlugin-checkManifestLockResult.txt",
			);
			runOnlyForDeploymentPostprocessing = 0;
			shellPath = /bin/sh;
			shellScript = "diff \"${PODS_PODFILE_DIR_PATH}/Podfile.lock\" \"${PODS_ROOT}/Manifest.lock\" > /dev/null\nif [ $? != 0 ] ; then\n    # print error to STDERR\n    echo \"error: The sandbox is not in sync with the Podfile.lock. Run 'pod install' or update your CocoaPods installation.\" >&2\n    exit 1\nfi\n# This output is used by Xcode 'outputs' to avoid re-running this script phase.\necho \"SUCCESS\" > \"${SCRIPT_OUTPUT_FILE_0}\"\n";
			showEnvVarsInLog = 0;
		};
/* End PBXShellScriptBuildPhase section */

/* Begin PBXSourcesBuildPhase section */
		364C74C8252DEE54002BBE8B /* Sources */ = {
			isa = PBXSourcesBuildPhase;
			buildActionMask = 2147483647;
			files = (
				217594364D16897CCA75CE0D /* MWPieChartStepViewController.swift in Sources */,
				36C873FD27C8F06500316CBB /* MWDashboardStepViewControllerCell.swift in Sources */,
				41AAAC93F2EEFFBA45293512 /* MWPieChartStep.swift in Sources */,
				6CAB3124727100B1D7DE8838 /* MWNetworkPieChartStep.swift in Sources */,
				FB6612F40F54A9AEF6814344 /* MWNetworkPieChartStepViewController.swift in Sources */,
				9FAC344444B71A2456DF3B15 /* MWChartsPluginStruct.swift in Sources */,
				36C873FC27C8F06500316CBB /* MWDashboardStep.swift in Sources */,
				36C873FB27C8F06500316CBB /* MWDashboardStepViewController.swift in Sources */,
			);
			runOnlyForDeploymentPostprocessing = 0;
		};
		364C74D1252DEE54002BBE8B /* Sources */ = {
			isa = PBXSourcesBuildPhase;
			buildActionMask = 2147483647;
			files = (
				364C74DB252DEE54002BBE8B /* MWChartsPluginTests.swift in Sources */,
			);
			runOnlyForDeploymentPostprocessing = 0;
		};
/* End PBXSourcesBuildPhase section */

/* Begin PBXTargetDependency section */
		364C74D8252DEE54002BBE8B /* PBXTargetDependency */ = {
			isa = PBXTargetDependency;
			target = 364C74CB252DEE54002BBE8B /* MWChartsPlugin */;
			targetProxy = 364C74D7252DEE54002BBE8B /* PBXContainerItemProxy */;
		};
/* End PBXTargetDependency section */

/* Begin XCBuildConfiguration section */
		364C74DE252DEE54002BBE8B /* Debug */ = {
			isa = XCBuildConfiguration;
			buildSettings = {
				ALWAYS_SEARCH_USER_PATHS = NO;
				CLANG_ANALYZER_NONNULL = YES;
				CLANG_ANALYZER_NUMBER_OBJECT_CONVERSION = YES_AGGRESSIVE;
				CLANG_CXX_LANGUAGE_STANDARD = "gnu++14";
				CLANG_CXX_LIBRARY = "libc++";
				CLANG_ENABLE_MODULES = YES;
				CLANG_ENABLE_OBJC_ARC = YES;
				CLANG_ENABLE_OBJC_WEAK = YES;
				CLANG_WARN_BLOCK_CAPTURE_AUTORELEASING = YES;
				CLANG_WARN_BOOL_CONVERSION = YES;
				CLANG_WARN_COMMA = YES;
				CLANG_WARN_CONSTANT_CONVERSION = YES;
				CLANG_WARN_DEPRECATED_OBJC_IMPLEMENTATIONS = YES;
				CLANG_WARN_DIRECT_OBJC_ISA_USAGE = YES_ERROR;
				CLANG_WARN_DOCUMENTATION_COMMENTS = YES;
				CLANG_WARN_EMPTY_BODY = YES;
				CLANG_WARN_ENUM_CONVERSION = YES;
				CLANG_WARN_INFINITE_RECURSION = YES;
				CLANG_WARN_INT_CONVERSION = YES;
				CLANG_WARN_NON_LITERAL_NULL_CONVERSION = YES;
				CLANG_WARN_OBJC_IMPLICIT_RETAIN_SELF = YES;
				CLANG_WARN_OBJC_LITERAL_CONVERSION = YES;
				CLANG_WARN_OBJC_ROOT_CLASS = YES_ERROR;
				CLANG_WARN_QUOTED_INCLUDE_IN_FRAMEWORK_HEADER = YES;
				CLANG_WARN_RANGE_LOOP_ANALYSIS = YES;
				CLANG_WARN_STRICT_PROTOTYPES = YES;
				CLANG_WARN_SUSPICIOUS_MOVE = YES;
				CLANG_WARN_UNGUARDED_AVAILABILITY = YES_AGGRESSIVE;
				CLANG_WARN_UNREACHABLE_CODE = YES;
				CLANG_WARN__DUPLICATE_METHOD_MATCH = YES;
				COPY_PHASE_STRIP = NO;
				CURRENT_PROJECT_VERSION = 1;
				DEBUG_INFORMATION_FORMAT = dwarf;
				ENABLE_STRICT_OBJC_MSGSEND = YES;
				ENABLE_TESTABILITY = YES;
				GCC_C_LANGUAGE_STANDARD = gnu11;
				GCC_DYNAMIC_NO_PIC = NO;
				GCC_NO_COMMON_BLOCKS = YES;
				GCC_OPTIMIZATION_LEVEL = 0;
				GCC_PREPROCESSOR_DEFINITIONS = (
					"DEBUG=1",
					"$(inherited)",
				);
				GCC_WARN_64_TO_32_BIT_CONVERSION = YES;
				GCC_WARN_ABOUT_RETURN_TYPE = YES_ERROR;
				GCC_WARN_UNDECLARED_SELECTOR = YES;
				GCC_WARN_UNINITIALIZED_AUTOS = YES_AGGRESSIVE;
				GCC_WARN_UNUSED_FUNCTION = YES;
				GCC_WARN_UNUSED_VARIABLE = YES;
				IPHONEOS_DEPLOYMENT_TARGET = 13.0;
				MTL_ENABLE_DEBUG_INFO = INCLUDE_SOURCE;
				MTL_FAST_MATH = YES;
				ONLY_ACTIVE_ARCH = YES;
				SDKROOT = iphoneos;
				SWIFT_ACTIVE_COMPILATION_CONDITIONS = DEBUG;
				SWIFT_OPTIMIZATION_LEVEL = "-Onone";
				VERSIONING_SYSTEM = "apple-generic";
				VERSION_INFO_PREFIX = "";
			};
			name = Debug;
		};
		364C74DF252DEE54002BBE8B /* Release */ = {
			isa = XCBuildConfiguration;
			buildSettings = {
				ALWAYS_SEARCH_USER_PATHS = NO;
				CLANG_ANALYZER_NONNULL = YES;
				CLANG_ANALYZER_NUMBER_OBJECT_CONVERSION = YES_AGGRESSIVE;
				CLANG_CXX_LANGUAGE_STANDARD = "gnu++14";
				CLANG_CXX_LIBRARY = "libc++";
				CLANG_ENABLE_MODULES = YES;
				CLANG_ENABLE_OBJC_ARC = YES;
				CLANG_ENABLE_OBJC_WEAK = YES;
				CLANG_WARN_BLOCK_CAPTURE_AUTORELEASING = YES;
				CLANG_WARN_BOOL_CONVERSION = YES;
				CLANG_WARN_COMMA = YES;
				CLANG_WARN_CONSTANT_CONVERSION = YES;
				CLANG_WARN_DEPRECATED_OBJC_IMPLEMENTATIONS = YES;
				CLANG_WARN_DIRECT_OBJC_ISA_USAGE = YES_ERROR;
				CLANG_WARN_DOCUMENTATION_COMMENTS = YES;
				CLANG_WARN_EMPTY_BODY = YES;
				CLANG_WARN_ENUM_CONVERSION = YES;
				CLANG_WARN_INFINITE_RECURSION = YES;
				CLANG_WARN_INT_CONVERSION = YES;
				CLANG_WARN_NON_LITERAL_NULL_CONVERSION = YES;
				CLANG_WARN_OBJC_IMPLICIT_RETAIN_SELF = YES;
				CLANG_WARN_OBJC_LITERAL_CONVERSION = YES;
				CLANG_WARN_OBJC_ROOT_CLASS = YES_ERROR;
				CLANG_WARN_QUOTED_INCLUDE_IN_FRAMEWORK_HEADER = YES;
				CLANG_WARN_RANGE_LOOP_ANALYSIS = YES;
				CLANG_WARN_STRICT_PROTOTYPES = YES;
				CLANG_WARN_SUSPICIOUS_MOVE = YES;
				CLANG_WARN_UNGUARDED_AVAILABILITY = YES_AGGRESSIVE;
				CLANG_WARN_UNREACHABLE_CODE = YES;
				CLANG_WARN__DUPLICATE_METHOD_MATCH = YES;
				COPY_PHASE_STRIP = NO;
				CURRENT_PROJECT_VERSION = 1;
				DEBUG_INFORMATION_FORMAT = "dwarf-with-dsym";
				ENABLE_NS_ASSERTIONS = NO;
				ENABLE_STRICT_OBJC_MSGSEND = YES;
				GCC_C_LANGUAGE_STANDARD = gnu11;
				GCC_NO_COMMON_BLOCKS = YES;
				GCC_WARN_64_TO_32_BIT_CONVERSION = YES;
				GCC_WARN_ABOUT_RETURN_TYPE = YES_ERROR;
				GCC_WARN_UNDECLARED_SELECTOR = YES;
				GCC_WARN_UNINITIALIZED_AUTOS = YES_AGGRESSIVE;
				GCC_WARN_UNUSED_FUNCTION = YES;
				GCC_WARN_UNUSED_VARIABLE = YES;
				IPHONEOS_DEPLOYMENT_TARGET = 13.0;
				MTL_ENABLE_DEBUG_INFO = NO;
				MTL_FAST_MATH = YES;
				ONLY_ACTIVE_ARCH = NO;
				SDKROOT = iphoneos;
				SWIFT_COMPILATION_MODE = wholemodule;
				SWIFT_OPTIMIZATION_LEVEL = "-O";
				VALIDATE_PRODUCT = YES;
				VERSIONING_SYSTEM = "apple-generic";
				VERSION_INFO_PREFIX = "";
			};
			name = Release;
		};
		364C74E1252DEE54002BBE8B /* Debug */ = {
			isa = XCBuildConfiguration;
			baseConfigurationReference = C9E6A6A38000FC0BA86E4D5B /* Pods-MWCharts-MWChartsPlugin.debug.xcconfig */;
			buildSettings = {
				CLANG_ENABLE_MODULES = YES;
				CODE_SIGN_STYLE = Manual;
				DEFINES_MODULE = YES;
				DEVELOPMENT_TEAM = "";
				DYLIB_COMPATIBILITY_VERSION = 1;
				DYLIB_CURRENT_VERSION = 1;
				DYLIB_INSTALL_NAME_BASE = "@rpath";
				INFOPLIST_FILE = MWChartsPlugin/Info.plist;
				INSTALL_PATH = "$(LOCAL_LIBRARY_DIR)/Frameworks";
				LD_RUNPATH_SEARCH_PATHS = (
					"$(inherited)",
					"@executable_path/Frameworks",
					"@loader_path/Frameworks",
				);
				PRODUCT_BUNDLE_IDENTIFIER = com.futureworkshops.MWChartsPlugin;
				PRODUCT_NAME = "$(TARGET_NAME:c99extidentifier)";
				PROVISIONING_PROFILE_SPECIFIER = "";
				"PROVISIONING_PROFILE_SPECIFIER[sdk=macosx*]" = "";
				SKIP_INSTALL = YES;
				SUPPORTS_MACCATALYST = NO;
				SWIFT_OPTIMIZATION_LEVEL = "-Onone";
				SWIFT_VERSION = 5.0;
				TARGETED_DEVICE_FAMILY = "1,2";
			};
			name = Debug;
		};
		364C74E2252DEE54002BBE8B /* Release */ = {
			isa = XCBuildConfiguration;
			baseConfigurationReference = 186B0766CFC4F7EEB0D4DFE2 /* Pods-MWCharts-MWChartsPlugin.release.xcconfig */;
			buildSettings = {
				CLANG_ENABLE_MODULES = YES;
				CODE_SIGN_STYLE = Manual;
				DEFINES_MODULE = YES;
				DEVELOPMENT_TEAM = "";
				DYLIB_COMPATIBILITY_VERSION = 1;
				DYLIB_CURRENT_VERSION = 1;
				DYLIB_INSTALL_NAME_BASE = "@rpath";
				INFOPLIST_FILE = MWChartsPlugin/Info.plist;
				INSTALL_PATH = "$(LOCAL_LIBRARY_DIR)/Frameworks";
				LD_RUNPATH_SEARCH_PATHS = (
					"$(inherited)",
					"@executable_path/Frameworks",
					"@loader_path/Frameworks",
				);
				PRODUCT_BUNDLE_IDENTIFIER = com.futureworkshops.MWChartsPlugin;
				PRODUCT_NAME = "$(TARGET_NAME:c99extidentifier)";
				PROVISIONING_PROFILE_SPECIFIER = "";
				"PROVISIONING_PROFILE_SPECIFIER[sdk=macosx*]" = "";
				SKIP_INSTALL = YES;
				SUPPORTS_MACCATALYST = NO;
				SWIFT_VERSION = 5.0;
				TARGETED_DEVICE_FAMILY = "1,2";
			};
			name = Release;
		};
		364C74E4252DEE54002BBE8B /* Debug */ = {
			isa = XCBuildConfiguration;
			baseConfigurationReference = 66F677600C7014DAF00FFC84 /* Pods-MWChartsPluginTests.debug.xcconfig */;
			buildSettings = {
				ALWAYS_EMBED_SWIFT_STANDARD_LIBRARIES = YES;
				CODE_SIGN_STYLE = Automatic;
				DEVELOPMENT_TEAM = BQHMJ2C6RL;
				INFOPLIST_FILE = MobileWorkflowChartsPluginTests/Info.plist;
				LD_RUNPATH_SEARCH_PATHS = (
					"$(inherited)",
					"@executable_path/Frameworks",
					"@loader_path/Frameworks",
				);
				PRODUCT_BUNDLE_IDENTIFIER = com.futureworkshops.MobileWorkflowChartsPluginTests;
				PRODUCT_NAME = "$(TARGET_NAME)";
				SWIFT_VERSION = 5.0;
				TARGETED_DEVICE_FAMILY = "1,2";
			};
			name = Debug;
		};
		364C74E5252DEE54002BBE8B /* Release */ = {
			isa = XCBuildConfiguration;
			baseConfigurationReference = A2571B0EA9DF016E1F450DE6 /* Pods-MWChartsPluginTests.release.xcconfig */;
			buildSettings = {
				ALWAYS_EMBED_SWIFT_STANDARD_LIBRARIES = YES;
				CODE_SIGN_STYLE = Automatic;
				DEVELOPMENT_TEAM = BQHMJ2C6RL;
				INFOPLIST_FILE = MobileWorkflowChartsPluginTests/Info.plist;
				LD_RUNPATH_SEARCH_PATHS = (
					"$(inherited)",
					"@executable_path/Frameworks",
					"@loader_path/Frameworks",
				);
				PRODUCT_BUNDLE_IDENTIFIER = com.futureworkshops.MobileWorkflowChartsPluginTests;
				PRODUCT_NAME = "$(TARGET_NAME)";
				SWIFT_VERSION = 5.0;
				TARGETED_DEVICE_FAMILY = "1,2";
			};
			name = Release;
		};
/* End XCBuildConfiguration section */

/* Begin XCConfigurationList section */
		364C74C6252DEE54002BBE8B /* Build configuration list for PBXProject "MWChartsPlugin" */ = {
			isa = XCConfigurationList;
			buildConfigurations = (
				364C74DE252DEE54002BBE8B /* Debug */,
				364C74DF252DEE54002BBE8B /* Release */,
			);
			defaultConfigurationIsVisible = 0;
			defaultConfigurationName = Release;
		};
		364C74E0252DEE54002BBE8B /* Build configuration list for PBXNativeTarget "MWChartsPlugin" */ = {
			isa = XCConfigurationList;
			buildConfigurations = (
				364C74E1252DEE54002BBE8B /* Debug */,
				364C74E2252DEE54002BBE8B /* Release */,
			);
			defaultConfigurationIsVisible = 0;
			defaultConfigurationName = Release;
		};
		364C74E3252DEE54002BBE8B /* Build configuration list for PBXNativeTarget "MWChartsPluginTests" */ = {
			isa = XCConfigurationList;
			buildConfigurations = (
				364C74E4252DEE54002BBE8B /* Debug */,
				364C74E5252DEE54002BBE8B /* Release */,
			);
			defaultConfigurationIsVisible = 0;
			defaultConfigurationName = Release;
		};
/* End XCConfigurationList section */
	};
	rootObject = 364C74C3252DEE54002BBE8B /* Project object */;
}
